<?xml version="1.0" encoding="utf-8"?>
<Project ToolsVersion="4.0" xmlns="http://schemas.microsoft.com/developer/msbuild/2003">
  <ItemGroup>
    <Filter Include="Fichiers sources">
      <UniqueIdentifier>{4FC737F1-C7A5-4376-A066-2A32D752A2FF}</UniqueIdentifier>
      <Extensions>cpp;c;cc;cxx;def;odl;idl;hpj;bat;asm;asmx</Extensions>
    </Filter>
    <Filter Include="Fichiers d%27en-tête">
      <UniqueIdentifier>{93995380-89BD-4b04-88EB-625FBE52EBFB}</UniqueIdentifier>
      <Extensions>h;hh;hpp;hxx;hm;inl;inc;ipp;xsd</Extensions>
    </Filter>
    <Filter Include="Fichiers de ressources">
      <UniqueIdentifier>{67DA6AB6-F800-4c08-8B7A-83BB121AAD01}</UniqueIdentifier>
      <Extensions>rc;ico;cur;bmp;dlg;rc2;rct;bin;rgs;gif;jpg;jpeg;jpe;resx;tiff;tif;png;wav;mfcribbon-ms</Extensions>
    </Filter>
  </ItemGroup>
  <ItemGroup>
    <ClCompile Include="..\Box2D\Box2D\Common\b2BlockAllocator.cpp">
      <Filter>Fichiers sources</Filter>
    </ClCompile>
    <ClCompile Include="..\Box2D\Box2D\Common\b2Draw.cpp">
      <Filter>Fichiers sources</Filter>
    </ClCompile>
    <ClCompile Include="..\Box2D\Box2D\Common\b2Math.cpp">
      <Filter>Fichiers sources</Filter>
    </ClCompile>
    <ClCompile Include="..\Box2D\Box2D\Common\b2Settings.cpp">
      <Filter>Fichiers sources</Filter>
    </ClCompile>
    <ClCompile Include="..\Box2D\Box2D\Common\b2StackAllocator.cpp">
      <Filter>Fichiers sources</Filter>
    </ClCompile>
    <ClCompile Include="..\Box2D\Box2D\Common\b2Timer.cpp">
      <Filter>Fichiers sources</Filter>
    </ClCompile>
    <ClCompile Include="..\Box2D\Box2D\Dynamics\b2Body.cpp">
      <Filter>Fichiers sources</Filter>
    </ClCompile>
    <ClCompile Include="..\Box2D\Box2D\Dynamics\b2ContactManager.cpp">
      <Filter>Fichiers sources</Filter>
    </ClCompile>
    <ClCompile Include="..\Box2D\Box2D\Dynamics\b2Fixture.cpp">
      <Filter>Fichiers sources</Filter>
    </ClCompile>
    <ClCompile Include="..\Box2D\Box2D\Dynamics\b2Island.cpp">
      <Filter>Fichiers sources</Filter>
    </ClCompile>
    <ClCompile Include="..\Box2D\Box2D\Dynamics\b2World.cpp">
      <Filter>Fichiers sources</Filter>
    </ClCompile>
    <ClCompile Include="..\Box2D\Box2D\Dynamics\b2WorldCallbacks.cpp">
      <Filter>Fichiers sources</Filter>
    </ClCompile>
    <ClCompile Include="..\Box2D\Box2D\Dynamics\Contacts\b2ChainAndCircleContact.cpp">
      <Filter>Fichiers sources</Filter>
    </ClCompile>
    <ClCompile Include="..\Box2D\Box2D\Dynamics\Contacts\b2ChainAndPolygonContact.cpp">
      <Filter>Fichiers sources</Filter>
    </ClCompile>
    <ClCompile Include="..\Box2D\Box2D\Dynamics\Contacts\b2CircleContact.cpp">
      <Filter>Fichiers sources</Filter>
    </ClCompile>
    <ClCompile Include="..\Box2D\Box2D\Dynamics\Contacts\b2Contact.cpp">
      <Filter>Fichiers sources</Filter>
    </ClCompile>
    <ClCompile Include="..\Box2D\Box2D\Dynamics\Contacts\b2ContactSolver.cpp">
      <Filter>Fichiers sources</Filter>
    </ClCompile>
    <ClCompile Include="..\Box2D\Box2D\Dynamics\Contacts\b2EdgeAndCircleContact.cpp">
      <Filter>Fichiers sources</Filter>
    </ClCompile>
    <ClCompile Include="..\Box2D\Box2D\Dynamics\Contacts\b2EdgeAndPolygonContact.cpp">
      <Filter>Fichiers sources</Filter>
    </ClCompile>
    <ClCompile Include="..\Box2D\Box2D\Dynamics\Contacts\b2PolygonAndCircleContact.cpp">
      <Filter>Fichiers sources</Filter>
    </ClCompile>
    <ClCompile Include="..\Box2D\Box2D\Dynamics\Contacts\b2PolygonContact.cpp">
      <Filter>Fichiers sources</Filter>
    </ClCompile>
    <ClCompile Include="..\Box2D\Box2D\Dynamics\Joints\b2DistanceJoint.cpp">
      <Filter>Fichiers sources</Filter>
    </ClCompile>
    <ClCompile Include="..\Box2D\Box2D\Dynamics\Joints\b2FrictionJoint.cpp">
      <Filter>Fichiers sources</Filter>
    </ClCompile>
    <ClCompile Include="..\Box2D\Box2D\Dynamics\Joints\b2GearJoint.cpp">
      <Filter>Fichiers sources</Filter>
    </ClCompile>
    <ClCompile Include="..\Box2D\Box2D\Dynamics\Joints\b2Joint.cpp">
      <Filter>Fichiers sources</Filter>
    </ClCompile>
    <ClCompile Include="..\Box2D\Box2D\Dynamics\Joints\b2MotorJoint.cpp">
      <Filter>Fichiers sources</Filter>
    </ClCompile>
    <ClCompile Include="..\Box2D\Box2D\Dynamics\Joints\b2MouseJoint.cpp">
      <Filter>Fichiers sources</Filter>
    </ClCompile>
    <ClCompile Include="..\Box2D\Box2D\Dynamics\Joints\b2PrismaticJoint.cpp">
      <Filter>Fichiers sources</Filter>
    </ClCompile>
    <ClCompile Include="..\Box2D\Box2D\Dynamics\Joints\b2PulleyJoint.cpp">
      <Filter>Fichiers sources</Filter>
    </ClCompile>
    <ClCompile Include="..\Box2D\Box2D\Dynamics\Joints\b2RevoluteJoint.cpp">
      <Filter>Fichiers sources</Filter>
    </ClCompile>
    <ClCompile Include="..\Box2D\Box2D\Dynamics\Joints\b2RopeJoint.cpp">
      <Filter>Fichiers sources</Filter>
    </ClCompile>
    <ClCompile Include="..\Box2D\Box2D\Dynamics\Joints\b2WeldJoint.cpp">
      <Filter>Fichiers sources</Filter>
    </ClCompile>
    <ClCompile Include="..\Box2D\Box2D\Dynamics\Joints\b2WheelJoint.cpp">
      <Filter>Fichiers sources</Filter>
    </ClCompile>
    <ClCompile Include="..\Box2D\Box2D\Rope\b2Rope.cpp">
      <Filter>Fichiers sources</Filter>
    </ClCompile>
    <ClCompile Include="..\Box2D\Box2D\Collision\b2BroadPhase.cpp">
      <Filter>Fichiers sources</Filter>
    </ClCompile>
    <ClCompile Include="..\Box2D\Box2D\Collision\b2CollideCircle.cpp">
      <Filter>Fichiers sources</Filter>
    </ClCompile>
    <ClCompile Include="..\Box2D\Box2D\Collision\b2CollideEdge.cpp">
      <Filter>Fichiers sources</Filter>
    </ClCompile>
    <ClCompile Include="..\Box2D\Box2D\Collision\b2CollidePolygon.cpp">
      <Filter>Fichiers sources</Filter>
    </ClCompile>
    <ClCompile Include="..\Box2D\Box2D\Collision\b2Collision.cpp">
      <Filter>Fichiers sources</Filter>
    </ClCompile>
    <ClCompile Include="..\Box2D\Box2D\Collision\b2Distance.cpp">
      <Filter>Fichiers sources</Filter>
    </ClCompile>
    <ClCompile Include="..\Box2D\Box2D\Collision\b2DynamicTree.cpp">
      <Filter>Fichiers sources</Filter>
    </ClCompile>
    <ClCompile Include="..\Box2D\Box2D\Collision\b2TimeOfImpact.cpp">
      <Filter>Fichiers sources</Filter>
    </ClCompile>
    <ClCompile Include="..\Box2D\Box2D\Collision\Shapes\b2ChainShape.cpp">
      <Filter>Fichiers sources</Filter>
    </ClCompile>
    <ClCompile Include="..\Box2D\Box2D\Collision\Shapes\b2CircleShape.cpp">
      <Filter>Fichiers sources</Filter>
    </ClCompile>
    <ClCompile Include="..\Box2D\Box2D\Collision\Shapes\b2EdgeShape.cpp">
      <Filter>Fichiers sources</Filter>
    </ClCompile>
    <ClCompile Include="..\Box2D\Box2D\Collision\Shapes\b2PolygonShape.cpp">
      <Filter>Fichiers sources</Filter>
    </ClCompile>
  </ItemGroup>
  <ItemGroup>
    <ClInclude Include="..\Box2D\Box2D\Common\b2BlockAllocator.h">
      <Filter>Fichiers sources</Filter>
    </ClInclude>
    <ClInclude Include="..\Box2D\Box2D\Common\b2Draw.h">
      <Filter>Fichiers sources</Filter>
    </ClInclude>
    <ClInclude Include="..\Box2D\Box2D\Common\b2GrowableStack.h">
      <Filter>Fichiers sources</Filter>
    </ClInclude>
    <ClInclude Include="..\Box2D\Box2D\Common\b2Math.h">
      <Filter>Fichiers sources</Filter>
    </ClInclude>
    <ClInclude Include="..\Box2D\Box2D\Common\b2Settings.h">
      <Filter>Fichiers sources</Filter>
    </ClInclude>
    <ClInclude Include="..\Box2D\Box2D\Common\b2StackAllocator.h">
      <Filter>Fichiers sources</Filter>
    </ClInclude>
    <ClInclude Include="..\Box2D\Box2D\Common\b2Timer.h">
      <Filter>Fichiers sources</Filter>
    </ClInclude>
    <ClInclude Include="..\Box2D\Box2D\Dynamics\b2Body.h">
      <Filter>Fichiers sources</Filter>
    </ClInclude>
    <ClInclude Include="..\Box2D\Box2D\Dynamics\b2ContactManager.h">
      <Filter>Fichiers sources</Filter>
    </ClInclude>
    <ClInclude Include="..\Box2D\Box2D\Dynamics\b2Fixture.h">
      <Filter>Fichiers sources</Filter>
    </ClInclude>
    <ClInclude Include="..\Box2D\Box2D\Dynamics\b2Island.h">
      <Filter>Fichiers sources</Filter>
    </ClInclude>
    <ClInclude Include="..\Box2D\Box2D\Dynamics\b2TimeStep.h">
      <Filter>Fichiers sources</Filter>
    </ClInclude>
    <ClInclude Include="..\Box2D\Box2D\Dynamics\b2World.h">
      <Filter>Fichiers sources</Filter>
    </ClInclude>
    <ClInclude Include="..\Box2D\Box2D\Dynamics\b2WorldCallbacks.h">
      <Filter>Fichiers sources</Filter>
    </ClInclude>
    <ClInclude Include="..\Box2D\Box2D\Dynamics\Contacts\b2ChainAndCircleContact.h">
      <Filter>Fichiers sources</Filter>
    </ClInclude>
    <ClInclude Include="..\Box2D\Box2D\Dynamics\Contacts\b2ChainAndPolygonContact.h">
      <Filter>Fichiers sources</Filter>
    </ClInclude>
    <ClInclude Include="..\Box2D\Box2D\Dynamics\Contacts\b2CircleContact.h">
      <Filter>Fichiers sources</Filter>
    </ClInclude>
    <ClInclude Include="..\Box2D\Box2D\Dynamics\Contacts\b2Contact.h">
      <Filter>Fichiers sources</Filter>
    </ClInclude>
    <ClInclude Include="..\Box2D\Box2D\Dynamics\Contacts\b2ContactSolver.h">
      <Filter>Fichiers sources</Filter>
    </ClInclude>
    <ClInclude Include="..\Box2D\Box2D\Dynamics\Contacts\b2EdgeAndCircleContact.h">
      <Filter>Fichiers sources</Filter>
    </ClInclude>
    <ClInclude Include="..\Box2D\Box2D\Dynamics\Contacts\b2EdgeAndPolygonContact.h">
      <Filter>Fichiers sources</Filter>
    </ClInclude>
    <ClInclude Include="..\Box2D\Box2D\Dynamics\Contacts\b2PolygonAndCircleContact.h">
      <Filter>Fichiers sources</Filter>
    </ClInclude>
    <ClInclude Include="..\Box2D\Box2D\Dynamics\Contacts\b2PolygonContact.h">
      <Filter>Fichiers sources</Filter>
    </ClInclude>
    <ClInclude Include="..\Box2D\Box2D\Dynamics\Joints\b2DistanceJoint.h">
      <Filter>Fichiers sources</Filter>
    </ClInclude>
    <ClInclude Include="..\Box2D\Box2D\Dynamics\Joints\b2FrictionJoint.h">
      <Filter>Fichiers sources</Filter>
    </ClInclude>
    <ClInclude Include="..\Box2D\Box2D\Dynamics\Joints\b2GearJoint.h">
      <Filter>Fichiers sources</Filter>
    </ClInclude>
    <ClInclude Include="..\Box2D\Box2D\Dynamics\Joints\b2Joint.h">
      <Filter>Fichiers sources</Filter>
    </ClInclude>
    <ClInclude Include="..\Box2D\Box2D\Dynamics\Joints\b2MotorJoint.h">
      <Filter>Fichiers sources</Filter>
    </ClInclude>
    <ClInclude Include="..\Box2D\Box2D\Dynamics\Joints\b2MouseJoint.h">
      <Filter>Fichiers sources</Filter>
    </ClInclude>
    <ClInclude Include="..\Box2D\Box2D\Dynamics\Joints\b2PrismaticJoint.h">
      <Filter>Fichiers sources</Filter>
    </ClInclude>
    <ClInclude Include="..\Box2D\Box2D\Dynamics\Joints\b2PulleyJoint.h">
      <Filter>Fichiers sources</Filter>
    </ClInclude>
    <ClInclude Include="..\Box2D\Box2D\Dynamics\Joints\b2RevoluteJoint.h">
      <Filter>Fichiers sources</Filter>
    </ClInclude>
    <ClInclude Include="..\Box2D\Box2D\Dynamics\Joints\b2RopeJoint.h">
      <Filter>Fichiers sources</Filter>
    </ClInclude>
    <ClInclude Include="..\Box2D\Box2D\Dynamics\Joints\b2WeldJoint.h">
      <Filter>Fichiers sources</Filter>
    </ClInclude>
    <ClInclude Include="..\Box2D\Box2D\Dynamics\Joints\b2WheelJoint.h">
      <Filter>Fichiers sources</Filter>
    </ClInclude>
    <ClInclude Include="..\Box2D\Box2D\Rope\b2Rope.h">
      <Filter>Fichiers sources</Filter>
    </ClInclude>
    <ClInclude Include="..\Box2D\Box2D\Box2D.h">
      <Filter>Fichiers sources</Filter>
    </ClInclude>
    <ClInclude Include="..\Box2D\Box2D\Collision\b2BroadPhase.h">
      <Filter>Fichiers sources</Filter>
    </ClInclude>
    <ClInclude Include="..\Box2D\Box2D\Collision\b2Collision.h">
      <Filter>Fichiers sources</Filter>
    </ClInclude>
    <ClInclude Include="..\Box2D\Box2D\Collision\b2Distance.h">
      <Filter>Fichiers sources</Filter>
    </ClInclude>
    <ClInclude Include="..\Box2D\Box2D\Collision\b2DynamicTree.h">
      <Filter>Fichiers sources</Filter>
    </ClInclude>
    <ClInclude Include="..\Box2D\Box2D\Collision\b2TimeOfImpact.h">
      <Filter>Fichiers sources</Filter>
    </ClInclude>
    <ClInclude Include="..\Box2D\Box2D\Collision\Shapes\b2ChainShape.h">
      <Filter>Fichiers sources</Filter>
    </ClInclude>
    <ClInclude Include="..\Box2D\Box2D\Collision\Shapes\b2CircleShape.h">
      <Filter>Fichiers sources</Filter>
    </ClInclude>
    <ClInclude Include="..\Box2D\Box2D\Collision\Shapes\b2EdgeShape.h">
      <Filter>Fichiers sources</Filter>
    </ClInclude>
    <ClInclude Include="..\Box2D\Box2D\Collision\Shapes\b2PolygonShape.h">
      <Filter>Fichiers sources</Filter>
    </ClInclude>
    <ClInclude Include="..\Box2D\Box2D\Collision\Shapes\b2Shape.h">
      <Filter>Fichiers sources</Filter>
    </ClInclude>
  </ItemGroup>
</Project>